
Microsoft Visual Studio Solution File, Format Version 12.00
# Visual Studio Version 17
VisualStudioVersion = 17.9.34714.143
MinimumVisualStudioVersion = 10.0.40219.1
Project("{FAE04EC0-301F-11D3-BF4B-00C04F79EFBC}") = "CascadingTask", "CascadingTask\CascadingTask.csproj", "{36F1DDBF-952C-4896-B84A-AF83992DCBFE}"
EndProject
Global
	GlobalSection(SolutionConfigurationPlatforms) = preSolution
		Debug|Any CPU = Debug|Any CPU
		Release|Any CPU = Release|Any CPU
	EndGlobalSection
	GlobalSection(ProjectConfigurationPlatforms) = postSolution
		{36F1DDBF-952C-4896-B84A-AF83992DCBFE}.Debug|Any CPU.ActiveCfg = Debug|Any CPU
		{36F1DDBF-952C-4896-B84A-AF83992DCBFE}.Debug|Any CPU.Build.0 = Debug|Any CPU
		{36F1DDBF-952C-4896-B84A-AF83992DCBFE}.Release|Any CPU.ActiveCfg = Release|Any CPU
		{36F1DDBF-952C-4896-B84A-AF83992DCBFE}.Release|Any CPU.Build.0 = Release|Any CPU
	EndGlobalSection
	GlobalSection(SolutionProperties) = preSolution
		HideSolutionNode = FALSE
	EndGlobalSection
	GlobalSection(ExtensibilityGlobals) = postSolution
		SolutionGuid = {A677AA3E-0E15-43BF-A2CB-26EA58824F70}
	EndGlobalSection
EndGlobal
